
Microsoft Visual Studio Solution File, Format Version 12.00
# Visual Studio Version 16
VisualStudioVersion = 16.0.31702.278
MinimumVisualStudioVersion = 10.0.40219.1
Project("{FAE04EC0-301F-11D3-BF4B-00C04F79EFBC}") = "FilesDemo", "FilesDemo\FilesDemo.csproj", "{819BA6A6-C128-47DF-91E5-EABC968898FF}"
EndProject
Global
	GlobalSection(SolutionConfigurationPlatforms) = preSolution
		Debug|Any CPU = Debug|Any CPU
		Release|Any CPU = Release|Any CPU
	EndGlobalSection
	GlobalSection(ProjectConfigurationPlatforms) = postSolution
		{819BA6A6-C128-47DF-91E5-EABC968898FF}.Debug|Any CPU.ActiveCfg = Debug|Any CPU
		{819BA6A6-C128-47DF-91E5-EABC968898FF}.Debug|Any CPU.Build.0 = Debug|Any CPU
		{819BA6A6-C128-47DF-91E5-EABC968898FF}.Release|Any CPU.ActiveCfg = Release|Any CPU
		{819BA6A6-C128-47DF-91E5-EABC968898FF}.Release|Any CPU.Build.0 = Release|Any CPU
	EndGlobalSection
	GlobalSection(SolutionProperties) = preSolution
		HideSolutionNode = FALSE
	EndGlobalSection
	GlobalSection(ExtensibilityGlobals) = postSolution
		SolutionGuid = {36E1124E-73FA-426B-A400-8E6AF57BA14F}
	EndGlobalSection
EndGlobal
